
Microsoft Visual Studio Solution File, Format Version 12.00
# Visual Studio Version 17
VisualStudioVersion = 17.1.32210.238
MinimumVisualStudioVersion = 10.0.40219.1
Project("{FAE04EC0-301F-11D3-BF4B-00C04F79EFBC}") = "CRUD-API", "CRUD-API.csproj", "{D2B2FF3F-6CA9-4AFB-8583-03A1D9EBB9D7}"
EndProject
Global
	GlobalSection(SolutionConfigurationPlatforms) = preSolution
		Debug|Any CPU = Debug|Any CPU
		Release|Any CPU = Release|Any CPU
	EndGlobalSection
	GlobalSection(ProjectConfigurationPlatforms) = postSolution
		{D2B2FF3F-6CA9-4AFB-8583-03A1D9EBB9D7}.Debug|Any CPU.ActiveCfg = Debug|Any CPU
		{D2B2FF3F-6CA9-4AFB-8583-03A1D9EBB9D7}.Debug|Any CPU.Build.0 = Debug|Any CPU
		{D2B2FF3F-6CA9-4AFB-8583-03A1D9EBB9D7}.Release|Any CPU.ActiveCfg = Release|Any CPU
		{D2B2FF3F-6CA9-4AFB-8583-03A1D9EBB9D7}.Release|Any CPU.Build.0 = Release|Any CPU
	EndGlobalSection
	GlobalSection(SolutionProperties) = preSolution
		HideSolutionNode = FALSE
	EndGlobalSection
	GlobalSection(ExtensibilityGlobals) = postSolution
		SolutionGuid = {1A85128E-5AB0-4106-8435-A4B869DD7EC2}
	EndGlobalSection
EndGlobal
